// !$*UTF8*$!
{
	archiveVersion = 1;
	classes = {
	};
	objectVersion = 77;
	objects = {

/* Begin PBXBuildFile section */
		680D01012F72D73900E7548C /* LUpdate.swift in Sources */ = {isa = PBXBuildFile; fileRef = 680D01002F72D73900E7548C /* LUpdate.swift */; };
		680D01042F72D74D00E7548C /* LUpdate.strings in Resources */ = {isa = PBXBuildFile; fileRef = 680D01022F72D74D00E7548C /* LUpdate.strings */; };
		680DE5AD2F721A2900E7548C /* README.md in Resources */ = {isa = PBXBuildFile; fileRef = 680DE5AC2F721A2900E7548C /* README.md */; };
		683300232F70D050000B9430 /* LNTAG215.strings in Resources */ = {isa = PBXBuildFile; fileRef = 683300212F70D050000B9430 /* LNTAG215.strings */; };
		6833FFDA2F70B965000B9430 /* LExtensions_macOS.swift in Sources */ = {isa = PBXBuildFile; fileRef = 6833FFC32F70B88F000B9430 /* LExtensions_macOS.swift */; };
		6833FFDB2F70B965000B9430 /* LExtensions.swift in Sources */ = {isa = PBXBuildFile; fileRef = 6833FFC22F70B88F000B9430 /* LExtensions.swift */; };
		6833FFFE2F70CFC8000B9430 /* LLocalizer.swift in Sources */ = {isa = PBXBuildFile; fileRef = 6833FFFD2F70CFC8000B9430 /* LLocalizer.swift */; };
		68DD2BA12F7380050032A306 /* LNTAG215.swift in Sources */ = {isa = PBXBuildFile; fileRef = 68DD2BA02F7380050032A306 /* LNTAG215.swift */; };
/* End PBXBuildFile section */

/* Begin PBXFileReference section */
		680D01002F72D73900E7548C /* LUpdate.swift */ = {isa = PBXFileReference; lastKnownFileType = sourcecode.swift; name = LUpdate.swift; path = ../XPP/LUpdate.swift; sourceTree = SOURCE_ROOT; };
		680D01032F72D74D00E7548C /* ja */ = {isa = PBXFileReference; lastKnownFileType = text.plist.strings; name = ja; path = ../../XPP/ja.lproj/LUpdate.strings; sourceTree = "<group>"; };
		680DE5AC2F721A2900E7548C /* README.md */ = {isa = PBXFileReference; lastKnownFileType = net.daringfireball.markdown; path = README.md; sourceTree = "<group>"; };
		683300222F70D050000B9430 /* ja */ = {isa = PBXFileReference; lastKnownFileType = text.plist.strings; name = ja; path = ../../XPP/ja.lproj/LNTAG215.strings; sourceTree = "<group>"; };
		6833FFB02F70B877000B9430 /* NFC.app */ = {isa = PBXFileReference; explicitFileType = wrapper.application; includeInIndex = 0; path = NFC.app; sourceTree = BUILT_PRODUCTS_DIR; };
		6833FFC22F70B88F000B9430 /* LExtensions.swift */ = {isa = PBXFileReference; lastKnownFileType = sourcecode.swift; name = LExtensions.swift; path = "/Users/hiroshi/Developer/Xcode Projects/XPP/LExtensions.swift"; sourceTree = "<absolute>"; };
		6833FFC32F70B88F000B9430 /* LExtensions_macOS.swift */ = {isa = PBXFileReference; lastKnownFileType = sourcecode.swift; name = LExtensions_macOS.swift; path = "/Users/hiroshi/Developer/Xcode Projects/XPP/LExtensions_macOS.swift"; sourceTree = "<absolute>"; };
		6833FFD02F70B8FD000B9430 /* LNTAG215_py.swift */ = {isa = PBXFileReference; lastKnownFileType = sourcecode.swift; name = LNTAG215_py.swift; path = ../XPP/LNTAG215_py.swift; sourceTree = SOURCE_ROOT; };
		6833FFFD2F70CFC8000B9430 /* LLocalizer.swift */ = {isa = PBXFileReference; lastKnownFileType = sourcecode.swift; name = LLocalizer.swift; path = ../XPP/LLocalizer.swift; sourceTree = SOURCE_ROOT; };
		68DD2BA02F7380050032A306 /* LNTAG215.swift */ = {isa = PBXFileReference; lastKnownFileType = sourcecode.swift; path = LNTAG215.swift; sourceTree = "<group>"; };
/* End PBXFileReference section */

/* Begin PBXFileSystemSynchronizedBuildFileExceptionSet section */
		68DD2C282F73A4A00032A306 /* Exceptions for "NFC" folder in "NFC" target */ = {
			isa = PBXFileSystemSynchronizedBuildFileExceptionSet;
			membershipExceptions = (
				entitlements.plist,
			);
			target = 6833FFAF2F70B877000B9430 /* NFC */;
		};
/* End PBXFileSystemSynchronizedBuildFileExceptionSet section */

/* Begin PBXFileSystemSynchronizedRootGroup section */
		6833FFB22F70B877000B9430 /* NFC */ = {
			isa = PBXFileSystemSynchronizedRootGroup;
			exceptions = (
				68DD2C282F73A4A00032A306 /* Exceptions for "NFC" folder in "NFC" target */,
			);
			path = NFC;
			sourceTree = "<group>";
		};
/* End PBXFileSystemSynchronizedRootGroup section */

/* Begin PBXFrameworksBuildPhase section */
		6833FFAD2F70B877000B9430 /* Frameworks */ = {
			isa = PBXFrameworksBuildPhase;
			buildActionMask = 2147483647;
			files = (
			);
			runOnlyForDeploymentPostprocessing = 0;
		};
/* End PBXFrameworksBuildPhase section */

/* Begin PBXGroup section */
		6833FFA72F70B877000B9430 = {
			isa = PBXGroup;
			children = (
				6833FFB22F70B877000B9430 /* NFC */,
				6833FFC12F70B882000B9430 /* XPP */,
				6833FFB12F70B877000B9430 /* Products */,
			);
			sourceTree = "<group>";
		};
		6833FFB12F70B877000B9430 /* Products */ = {
			isa = PBXGroup;
			children = (
				6833FFB02F70B877000B9430 /* NFC.app */,
			);
			name = Products;
			sourceTree = "<group>";
		};
		6833FFC12F70B882000B9430 /* XPP */ = {
			isa = PBXGroup;
			children = (
				680DE5AC2F721A2900E7548C /* README.md */,
				6833FFC22F70B88F000B9430 /* LExtensions.swift */,
				6833FFC32F70B88F000B9430 /* LExtensions_macOS.swift */,
				6833FFFD2F70CFC8000B9430 /* LLocalizer.swift */,
				6833FFD02F70B8FD000B9430 /* LNTAG215_py.swift */,
				683300212F70D050000B9430 /* LNTAG215.strings */,
				680D01002F72D73900E7548C /* LUpdate.swift */,
				680D01022F72D74D00E7548C /* LUpdate.strings */,
				68DD2BA02F7380050032A306 /* LNTAG215.swift */,
			);
			path = XPP;
			sourceTree = "<group>";
		};
/* End PBXGroup section */

/* Begin PBXNativeTarget section */
		6833FFAF2F70B877000B9430 /* NFC */ = {
			isa = PBXNativeTarget;
			buildConfigurationList = 6833FFBE2F70B878000B9430 /* Build configuration list for PBXNativeTarget "NFC" */;
			buildPhases = (
				6833FFAC2F70B877000B9430 /* Sources */,
				6833FFAD2F70B877000B9430 /* Frameworks */,
				6833FFAE2F70B877000B9430 /* Resources */,
				680D00F12F72D63C00E7548C /* ShellScript */,
			);
			buildRules = (
			);
			dependencies = (
			);
			fileSystemSynchronizedGroups = (
				6833FFB22F70B877000B9430 /* NFC */,
			);
			name = NFC;
			packageProductDependencies = (
			);
			productName = NFC;
			productReference = 6833FFB02F70B877000B9430 /* NFC.app */;
			productType = "com.apple.product-type.application";
		};
/* End PBXNativeTarget section */

/* Begin PBXProject section */
		6833FFA82F70B877000B9430 /* Project object */ = {
			isa = PBXProject;
			attributes = {
				BuildIndependentTargetsInParallel = 1;
				LastSwiftUpdateCheck = 2630;
				LastUpgradeCheck = 2630;
				TargetAttributes = {
					6833FFAF2F70B877000B9430 = {
						CreatedOnToolsVersion = 26.3;
					};
				};
			};
			buildConfigurationList = 6833FFAB2F70B877000B9430 /* Build configuration list for PBXProject "NFC" */;
			developmentRegion = en;
			hasScannedForEncodings = 0;
			knownRegions = (
				en,
				Base,
				ja,
			);
			mainGroup = 6833FFA72F70B877000B9430;
			minimizedProjectReferenceProxies = 1;
			preferredProjectObjectVersion = 77;
			productRefGroup = 6833FFB12F70B877000B9430 /* Products */;
			projectDirPath = "";
			projectRoot = "";
			targets = (
				6833FFAF2F70B877000B9430 /* NFC */,
			);
		};
/* End PBXProject section */

/* Begin PBXResourcesBuildPhase section */
		6833FFAE2F70B877000B9430 /* Resources */ = {
			isa = PBXResourcesBuildPhase;
			buildActionMask = 2147483647;
			files = (
				680DE5AD2F721A2900E7548C /* README.md in Resources */,
				680D01042F72D74D00E7548C /* LUpdate.strings in Resources */,
				683300232F70D050000B9430 /* LNTAG215.strings in Resources */,
			);
			runOnlyForDeploymentPostprocessing = 0;
		};
/* End PBXResourcesBuildPhase section */

/* Begin PBXShellScriptBuildPhase section */
		680D00F12F72D63C00E7548C /* ShellScript */ = {
			isa = PBXShellScriptBuildPhase;
			alwaysOutOfDate = 1;
			buildActionMask = 2147483647;
			files = (
			);
			inputFileListPaths = (
			);
			inputPaths = (
			);
			outputFileListPaths = (
			);
			outputPaths = (
			);
			runOnlyForDeploymentPostprocessing = 0;
			shellPath = /bin/sh;
			shellScript = "# Type a script or drag a script file from your workspace to insert its path.\nif [ \"${CONFIGURATION}\" == \"Release\" ]; then\n    /bin/bash \"/Users/hiroshi/Developer/distribute-on-GitHub/update_build_number.sh\"\nfi\n";
		};
/* End PBXShellScriptBuildPhase section */

/* Begin PBXSourcesBuildPhase section */
		6833FFAC2F70B877000B9430 /* Sources */ = {
			isa = PBXSourcesBuildPhase;
			buildActionMask = 2147483647;
			files = (
				6833FFDA2F70B965000B9430 /* LExtensions_macOS.swift in Sources */,
				680D01012F72D73900E7548C /* LUpdate.swift in Sources */,
				68DD2BA12F7380050032A306 /* LNTAG215.swift in Sources */,
				6833FFDB2F70B965000B9430 /* LExtensions.swift in Sources */,
				6833FFFE2F70CFC8000B9430 /* LLocalizer.swift in Sources */,
			);
			runOnlyForDeploymentPostprocessing = 0;
		};
/* End PBXSourcesBuildPhase section */

/* Begin PBXVariantGroup section */
		680D01022F72D74D00E7548C /* LUpdate.strings */ = {
			isa = PBXVariantGroup;
			children = (
				680D01032F72D74D00E7548C /* ja */,
			);
			name = LUpdate.strings;
			sourceTree = "<group>";
		};
		683300212F70D050000B9430 /* LNTAG215.strings */ = {
			isa = PBXVariantGroup;
			children = (
				683300222F70D050000B9430 /* ja */,
			);
			name = LNTAG215.strings;
			sourceTree = "<group>";
		};
/* End PBXVariantGroup section */

/* Begin XCBuildConfiguration section */
		6833FFBC2F70B878000B9430 /* Debug */ = {
			isa = XCBuildConfiguration;
			buildSettings = {
				ALWAYS_SEARCH_USER_PATHS = NO;
				ASSETCATALOG_COMPILER_GENERATE_SWIFT_ASSET_SYMBOL_EXTENSIONS = YES;
				CLANG_ANALYZER_LOCALIZABILITY_NONLOCALIZED = YES;
				CLANG_ANALYZER_NONNULL = YES;
				CLANG_ANALYZER_NUMBER_OBJECT_CONVERSION = YES_AGGRESSIVE;
				CLANG_CXX_LANGUAGE_STANDARD = "gnu++20";
				CLANG_ENABLE_MODULES = YES;
				CLANG_ENABLE_OBJC_ARC = YES;
				CLANG_ENABLE_OBJC_WEAK = YES;
				CLANG_WARN_BLOCK_CAPTURE_AUTORELEASING = YES;
				CLANG_WARN_BOOL_CONVERSION = YES;
				CLANG_WARN_COMMA = YES;
				CLANG_WARN_CONSTANT_CONVERSION = YES;
				CLANG_WARN_DEPRECATED_OBJC_IMPLEMENTATIONS = YES;
				CLANG_WARN_DIRECT_OBJC_ISA_USAGE = YES_ERROR;
				CLANG_WARN_DOCUMENTATION_COMMENTS = YES;
				CLANG_WARN_EMPTY_BODY = YES;
				CLANG_WARN_ENUM_CONVERSION = YES;
				CLANG_WARN_INFINITE_RECURSION = YES;
				CLANG_WARN_INT_CONVERSION = YES;
				CLANG_WARN_NON_LITERAL_NULL_CONVERSION = YES;
				CLANG_WARN_OBJC_IMPLICIT_RETAIN_SELF = YES;
				CLANG_WARN_OBJC_LITERAL_CONVERSION = YES;
				CLANG_WARN_OBJC_ROOT_CLASS = YES_ERROR;
				CLANG_WARN_QUOTED_INCLUDE_IN_FRAMEWORK_HEADER = YES;
				CLANG_WARN_RANGE_LOOP_ANALYSIS = YES;
				CLANG_WARN_STRICT_PROTOTYPES = YES;
				CLANG_WARN_SUSPICIOUS_MOVE = YES;
				CLANG_WARN_UNGUARDED_AVAILABILITY = YES_AGGRESSIVE;
				CLANG_WARN_UNREACHABLE_CODE = YES;
				CLANG_WARN__DUPLICATE_METHOD_MATCH = YES;
				COPY_PHASE_STRIP = NO;
				DEBUG_INFORMATION_FORMAT = dwarf;
				DEVELOPMENT_TEAM = H4TZ84J9G7;
				ENABLE_STRICT_OBJC_MSGSEND = YES;
				ENABLE_TESTABILITY = YES;
				ENABLE_USER_SCRIPT_SANDBOXING = YES;
				GCC_C_LANGUAGE_STANDARD = gnu17;
				GCC_DYNAMIC_NO_PIC = NO;
				GCC_NO_COMMON_BLOCKS = YES;
				GCC_OPTIMIZATION_LEVEL = 0;
				GCC_PREPROCESSOR_DEFINITIONS = (
					"DEBUG=1",
					"$(inherited)",
				);
				GCC_WARN_64_TO_32_BIT_CONVERSION = YES;
				GCC_WARN_ABOUT_RETURN_TYPE = YES_ERROR;
				GCC_WARN_UNDECLARED_SELECTOR = YES;
				GCC_WARN_UNINITIALIZED_AUTOS = YES_AGGRESSIVE;
				GCC_WARN_UNUSED_FUNCTION = YES;
				GCC_WARN_UNUSED_VARIABLE = YES;
				LOCALIZATION_PREFERS_STRING_CATALOGS = YES;
				MACOSX_DEPLOYMENT_TARGET = 26.2;
				MTL_ENABLE_DEBUG_INFO = INCLUDE_SOURCE;
				MTL_FAST_MATH = YES;
				ONLY_ACTIVE_ARCH = YES;
				SDKROOT = macosx;
				SWIFT_ACTIVE_COMPILATION_CONDITIONS = "DEBUG $(inherited)";
				SWIFT_OPTIMIZATION_LEVEL = "-Onone";
			};
			name = Debug;
		};
		6833FFBD2F70B878000B9430 /* Release */ = {
			isa = XCBuildConfiguration;
			buildSettings = {
				ALWAYS_SEARCH_USER_PATHS = NO;
				ASSETCATALOG_COMPILER_GENERATE_SWIFT_ASSET_SYMBOL_EXTENSIONS = YES;
				CLANG_ANALYZER_LOCALIZABILITY_NONLOCALIZED = YES;
				CLANG_ANALYZER_NONNULL = YES;
				CLANG_ANALYZER_NUMBER_OBJECT_CONVERSION = YES_AGGRESSIVE;
				CLANG_CXX_LANGUAGE_STANDARD = "gnu++20";
				CLANG_ENABLE_MODULES = YES;
				CLANG_ENABLE_OBJC_ARC = YES;
				CLANG_ENABLE_OBJC_WEAK = YES;
				CLANG_WARN_BLOCK_CAPTURE_AUTORELEASING = YES;
				CLANG_WARN_BOOL_CONVERSION = YES;
				CLANG_WARN_COMMA = YES;
				CLANG_WARN_CONSTANT_CONVERSION = YES;
				CLANG_WARN_DEPRECATED_OBJC_IMPLEMENTATIONS = YES;
				CLANG_WARN_DIRECT_OBJC_ISA_USAGE = YES_ERROR;
				CLANG_WARN_DOCUMENTATION_COMMENTS = YES;
				CLANG_WARN_EMPTY_BODY = YES;
				CLANG_WARN_ENUM_CONVERSION = YES;
				CLANG_WARN_INFINITE_RECURSION = YES;
				CLANG_WARN_INT_CONVERSION = YES;
				CLANG_WARN_NON_LITERAL_NULL_CONVERSION = YES;
				CLANG_WARN_OBJC_IMPLICIT_RETAIN_SELF = YES;
				CLANG_WARN_OBJC_LITERAL_CONVERSION = YES;
				CLANG_WARN_OBJC_ROOT_CLASS = YES_ERROR;
				CLANG_WARN_QUOTED_INCLUDE_IN_FRAMEWORK_HEADER = YES;
				CLANG_WARN_RANGE_LOOP_ANALYSIS = YES;
				CLANG_WARN_STRICT_PROTOTYPES = YES;
				CLANG_WARN_SUSPICIOUS_MOVE = YES;
				CLANG_WARN_UNGUARDED_AVAILABILITY = YES_AGGRESSIVE;
				CLANG_WARN_UNREACHABLE_CODE = YES;
				CLANG_WARN__DUPLICATE_METHOD_MATCH = YES;
				COPY_PHASE_STRIP = NO;
				DEBUG_INFORMATION_FORMAT = "dwarf-with-dsym";
				DEVELOPMENT_TEAM = H4TZ84J9G7;
				ENABLE_NS_ASSERTIONS = NO;
				ENABLE_STRICT_OBJC_MSGSEND = YES;
				ENABLE_USER_SCRIPT_SANDBOXING = YES;
				GCC_C_LANGUAGE_STANDARD = gnu17;
				GCC_NO_COMMON_BLOCKS = YES;
				GCC_WARN_64_TO_32_BIT_CONVERSION = YES;
				GCC_WARN_ABOUT_RETURN_TYPE = YES_ERROR;
				GCC_WARN_UNDECLARED_SELECTOR = YES;
				GCC_WARN_UNINITIALIZED_AUTOS = YES_AGGRESSIVE;
				GCC_WARN_UNUSED_FUNCTION = YES;
				GCC_WARN_UNUSED_VARIABLE = YES;
				LOCALIZATION_PREFERS_STRING_CATALOGS = YES;
				MACOSX_DEPLOYMENT_TARGET = 26.2;
				MTL_ENABLE_DEBUG_INFO = NO;
				MTL_FAST_MATH = YES;
				SDKROOT = macosx;
				SWIFT_COMPILATION_MODE = wholemodule;
			};
			name = Release;
		};
		6833FFBF2F70B878000B9430 /* Debug */ = {
			isa = XCBuildConfiguration;
			buildSettings = {
				ASSETCATALOG_COMPILER_APPICON_NAME = AppIcon;
				ASSETCATALOG_COMPILER_GLOBAL_ACCENT_COLOR_NAME = AccentColor;
				CODE_SIGN_ENTITLEMENTS = NFC/entitlements.plist;
				CODE_SIGN_STYLE = Automatic;
				COMBINE_HIDPI_IMAGES = YES;
				CURRENT_PROJECT_VERSION = 4;
				DEVELOPMENT_TEAM = H4TZ84J9G7;
				ENABLE_APP_SANDBOX = YES;
				ENABLE_HARDENED_RUNTIME = YES;
				ENABLE_INCOMING_NETWORK_CONNECTIONS = NO;
				ENABLE_OUTGOING_NETWORK_CONNECTIONS = NO;
				ENABLE_RESOURCE_ACCESS_AUDIO_INPUT = NO;
				ENABLE_RESOURCE_ACCESS_BLUETOOTH = NO;
				ENABLE_RESOURCE_ACCESS_CALENDARS = NO;
				ENABLE_RESOURCE_ACCESS_CAMERA = NO;
				ENABLE_RESOURCE_ACCESS_CONTACTS = NO;
				ENABLE_RESOURCE_ACCESS_LOCATION = NO;
				ENABLE_RESOURCE_ACCESS_PRINTING = NO;
				ENABLE_RESOURCE_ACCESS_USB = NO;
				ENABLE_USER_SCRIPT_SANDBOXING = NO;
				GENERATE_INFOPLIST_FILE = YES;
				INFOPLIST_KEY_LSApplicationCategoryType = "public.app-category.utilities";
				INFOPLIST_KEY_NSHumanReadableCopyright = "(C) 2026 Hiroshi Okawa";
				INFOPLIST_KEY_NSMainStoryboardFile = Main;
				INFOPLIST_KEY_NSPrincipalClass = NSApplication;
				LD_RUNPATH_SEARCH_PATHS = (
					"$(inherited)",
					"@executable_path/../Frameworks",
				);
				MARKETING_VERSION = 1.0.1;
				PRODUCT_BUNDLE_IDENTIFIER = hiroshi.okawa.NFC;
				PRODUCT_NAME = "$(TARGET_NAME)";
				REGISTER_APP_GROUPS = YES;
				STRING_CATALOG_GENERATE_SYMBOLS = YES;
				SWIFT_APPROACHABLE_CONCURRENCY = YES;
				SWIFT_DEFAULT_ACTOR_ISOLATION = MainActor;
				SWIFT_EMIT_LOC_STRINGS = YES;
				SWIFT_UPCOMING_FEATURE_MEMBER_IMPORT_VISIBILITY = YES;
				SWIFT_VERSION = 5.0;
			};
			name = Debug;
		};
		6833FFC02F70B878000B9430 /* Release */ = {
			isa = XCBuildConfiguration;
			buildSettings = {
				ASSETCATALOG_COMPILER_APPICON_NAME = AppIcon;
				ASSETCATALOG_COMPILER_GLOBAL_ACCENT_COLOR_NAME = AccentColor;
				CODE_SIGN_ENTITLEMENTS = NFC/entitlements.plist;
				CODE_SIGN_STYLE = Automatic;
				COMBINE_HIDPI_IMAGES = YES;
				CURRENT_PROJECT_VERSION = 4;
				DEVELOPMENT_TEAM = H4TZ84J9G7;
				ENABLE_APP_SANDBOX = YES;
				ENABLE_HARDENED_RUNTIME = YES;
				ENABLE_INCOMING_NETWORK_CONNECTIONS = NO;
				ENABLE_OUTGOING_NETWORK_CONNECTIONS = NO;
				ENABLE_RESOURCE_ACCESS_AUDIO_INPUT = NO;
				ENABLE_RESOURCE_ACCESS_BLUETOOTH = NO;
				ENABLE_RESOURCE_ACCESS_CALENDARS = NO;
				ENABLE_RESOURCE_ACCESS_CAMERA = NO;
				ENABLE_RESOURCE_ACCESS_CONTACTS = NO;
				ENABLE_RESOURCE_ACCESS_LOCATION = NO;
				ENABLE_RESOURCE_ACCESS_PRINTING = NO;
				ENABLE_RESOURCE_ACCESS_USB = NO;
				ENABLE_USER_SCRIPT_SANDBOXING = NO;
				GENERATE_INFOPLIST_FILE = YES;
				INFOPLIST_KEY_LSApplicationCategoryType = "public.app-category.utilities";
				INFOPLIST_KEY_NSHumanReadableCopyright = "(C) 2026 Hiroshi Okawa";
				INFOPLIST_KEY_NSMainStoryboardFile = Main;
				INFOPLIST_KEY_NSPrincipalClass = NSApplication;
				LD_RUNPATH_SEARCH_PATHS = (
					"$(inherited)",
					"@executable_path/../Frameworks",
				);
				MARKETING_VERSION = 1.0.1;
				PRODUCT_BUNDLE_IDENTIFIER = hiroshi.okawa.NFC;
				PRODUCT_NAME = "$(TARGET_NAME)";
				REGISTER_APP_GROUPS = YES;
				STRING_CATALOG_GENERATE_SYMBOLS = YES;
				SWIFT_APPROACHABLE_CONCURRENCY = YES;
				SWIFT_DEFAULT_ACTOR_ISOLATION = MainActor;
				SWIFT_EMIT_LOC_STRINGS = YES;
				SWIFT_UPCOMING_FEATURE_MEMBER_IMPORT_VISIBILITY = YES;
				SWIFT_VERSION = 5.0;
			};
			name = Release;
		};
/* End XCBuildConfiguration section */

/* Begin XCConfigurationList section */
		6833FFAB2F70B877000B9430 /* Build configuration list for PBXProject "NFC" */ = {
			isa = XCConfigurationList;
			buildConfigurations = (
				6833FFBC2F70B878000B9430 /* Debug */,
				6833FFBD2F70B878000B9430 /* Release */,
			);
			defaultConfigurationIsVisible = 0;
			defaultConfigurationName = Release;
		};
		6833FFBE2F70B878000B9430 /* Build configuration list for PBXNativeTarget "NFC" */ = {
			isa = XCConfigurationList;
			buildConfigurations = (
				6833FFBF2F70B878000B9430 /* Debug */,
				6833FFC02F70B878000B9430 /* Release */,
			);
			defaultConfigurationIsVisible = 0;
			defaultConfigurationName = Release;
		};
/* End XCConfigurationList section */
	};
	rootObject = 6833FFA82F70B877000B9430 /* Project object */;
}
